
Microsoft Visual Studio Solution File, Format Version 12.00
# Visual Studio Version 17
VisualStudioVersion = 17.7.34024.191
MinimumVisualStudioVersion = 10.0.40219.1
Project("{FAE04EC0-301F-11D3-BF4B-00C04F79EFBC}") = "ProdCollab", "ProdCollab.csproj", "{75F2B044-5374-4FE6-94EA-F9BA8BEDE3E2}"
EndProject
Global
	GlobalSection(SolutionConfigurationPlatforms) = preSolution
		Debug|Any CPU = Debug|Any CPU
		Release|Any CPU = Release|Any CPU
	EndGlobalSection
	GlobalSection(ProjectConfigurationPlatforms) = postSolution
		{75F2B044-5374-4FE6-94EA-F9BA8BEDE3E2}.Debug|Any CPU.ActiveCfg = Debug|Any CPU
		{75F2B044-5374-4FE6-94EA-F9BA8BEDE3E2}.Debug|Any CPU.Build.0 = Debug|Any CPU
		{75F2B044-5374-4FE6-94EA-F9BA8BEDE3E2}.Release|Any CPU.ActiveCfg = Release|Any CPU
		{75F2B044-5374-4FE6-94EA-F9BA8BEDE3E2}.Release|Any CPU.Build.0 = Release|Any CPU
	EndGlobalSection
	GlobalSection(SolutionProperties) = preSolution
		HideSolutionNode = FALSE
	EndGlobalSection
	GlobalSection(ExtensibilityGlobals) = postSolution
		SolutionGuid = {6939AD87-87EB-452A-827C-2F124EFEB88A}
	EndGlobalSection
EndGlobal
